
Microsoft Visual Studio Solution File, Format Version 12.00
# Visual Studio Version 17
VisualStudioVersion = 17.4.33205.214
MinimumVisualStudioVersion = 10.0.40219.1
Project("{FAE04EC0-301F-11D3-BF4B-00C04F79EFBC}") = "EdgeDetectionApp", "EdgeDetectionApp.csproj", "{AE8F54D8-5BFE-45D1-BA0B-BEFB7AF6C653}"
	ProjectSection(ProjectDependencies) = postProject
		{2A16721F-49EF-4A68-BBDB-3C42F67E93E5} = {2A16721F-49EF-4A68-BBDB-3C42F67E93E5}
		{3F251BD0-96D5-4089-A166-166A5666CEC6} = {3F251BD0-96D5-4089-A166-166A5666CEC6}
	EndProjectSection
EndProject
Project("{8BC9CEB8-8B4A-11D0-8D11-00A0C91BC942}") = "scharr_dll", "..\scharr_dll\scharr_dll.vcxproj", "{3F251BD0-96D5-4089-A166-166A5666CEC6}"
EndProject
Project("{8BC9CEB8-8B4A-11D0-8D11-00A0C91BC942}") = "CppDll", "..\CppDll\CppDll.vcxproj", "{2A16721F-49EF-4A68-BBDB-3C42F67E93E5}"
EndProject
Global
	GlobalSection(SolutionConfigurationPlatforms) = preSolution
		Debug|Any CPU = Debug|Any CPU
		Debug|x64 = Debug|x64
		Debug|x86 = Debug|x86
		Release|Any CPU = Release|Any CPU
		Release|x64 = Release|x64
		Release|x86 = Release|x86
	EndGlobalSection
	GlobalSection(ProjectConfigurationPlatforms) = postSolution
		{AE8F54D8-5BFE-45D1-BA0B-BEFB7AF6C653}.Debug|Any CPU.ActiveCfg = Debug|Any CPU
		{AE8F54D8-5BFE-45D1-BA0B-BEFB7AF6C653}.Debug|Any CPU.Build.0 = Debug|Any CPU
		{AE8F54D8-5BFE-45D1-BA0B-BEFB7AF6C653}.Debug|x64.ActiveCfg = Debug|x64
		{AE8F54D8-5BFE-45D1-BA0B-BEFB7AF6C653}.Debug|x64.Build.0 = Debug|x64
		{AE8F54D8-5BFE-45D1-BA0B-BEFB7AF6C653}.Debug|x86.ActiveCfg = Debug|Any CPU
		{AE8F54D8-5BFE-45D1-BA0B-BEFB7AF6C653}.Debug|x86.Build.0 = Debug|Any CPU
		{AE8F54D8-5BFE-45D1-BA0B-BEFB7AF6C653}.Release|Any CPU.ActiveCfg = Release|Any CPU
		{AE8F54D8-5BFE-45D1-BA0B-BEFB7AF6C653}.Release|Any CPU.Build.0 = Release|Any CPU
		{AE8F54D8-5BFE-45D1-BA0B-BEFB7AF6C653}.Release|x64.ActiveCfg = Release|x64
		{AE8F54D8-5BFE-45D1-BA0B-BEFB7AF6C653}.Release|x64.Build.0 = Release|x64
		{AE8F54D8-5BFE-45D1-BA0B-BEFB7AF6C653}.Release|x86.ActiveCfg = Release|Any CPU
		{AE8F54D8-5BFE-45D1-BA0B-BEFB7AF6C653}.Release|x86.Build.0 = Release|Any CPU
		{3F251BD0-96D5-4089-A166-166A5666CEC6}.Debug|Any CPU.ActiveCfg = Debug|x64
		{3F251BD0-96D5-4089-A166-166A5666CEC6}.Debug|Any CPU.Build.0 = Debug|x64
		{3F251BD0-96D5-4089-A166-166A5666CEC6}.Debug|x64.ActiveCfg = Debug|x64
		{3F251BD0-96D5-4089-A166-166A5666CEC6}.Debug|x64.Build.0 = Debug|x64
		{3F251BD0-96D5-4089-A166-166A5666CEC6}.Debug|x86.ActiveCfg = Debug|Win32
		{3F251BD0-96D5-4089-A166-166A5666CEC6}.Debug|x86.Build.0 = Debug|Win32
		{3F251BD0-96D5-4089-A166-166A5666CEC6}.Release|Any CPU.ActiveCfg = Release|x64
		{3F251BD0-96D5-4089-A166-166A5666CEC6}.Release|Any CPU.Build.0 = Release|x64
		{3F251BD0-96D5-4089-A166-166A5666CEC6}.Release|x64.ActiveCfg = Release|x64
		{3F251BD0-96D5-4089-A166-166A5666CEC6}.Release|x64.Build.0 = Release|x64
		{3F251BD0-96D5-4089-A166-166A5666CEC6}.Release|x86.ActiveCfg = Release|Win32
		{3F251BD0-96D5-4089-A166-166A5666CEC6}.Release|x86.Build.0 = Release|Win32
		{2A16721F-49EF-4A68-BBDB-3C42F67E93E5}.Debug|Any CPU.ActiveCfg = Debug|x64
		{2A16721F-49EF-4A68-BBDB-3C42F67E93E5}.Debug|Any CPU.Build.0 = Debug|x64
		{2A16721F-49EF-4A68-BBDB-3C42F67E93E5}.Debug|x64.ActiveCfg = Debug|x64
		{2A16721F-49EF-4A68-BBDB-3C42F67E93E5}.Debug|x64.Build.0 = Debug|x64
		{2A16721F-49EF-4A68-BBDB-3C42F67E93E5}.Debug|x86.ActiveCfg = Debug|Win32
		{2A16721F-49EF-4A68-BBDB-3C42F67E93E5}.Debug|x86.Build.0 = Debug|Win32
		{2A16721F-49EF-4A68-BBDB-3C42F67E93E5}.Release|Any CPU.ActiveCfg = Release|x64
		{2A16721F-49EF-4A68-BBDB-3C42F67E93E5}.Release|Any CPU.Build.0 = Release|x64
		{2A16721F-49EF-4A68-BBDB-3C42F67E93E5}.Release|x64.ActiveCfg = Release|x64
		{2A16721F-49EF-4A68-BBDB-3C42F67E93E5}.Release|x64.Build.0 = Release|x64
		{2A16721F-49EF-4A68-BBDB-3C42F67E93E5}.Release|x86.ActiveCfg = Release|Win32
		{2A16721F-49EF-4A68-BBDB-3C42F67E93E5}.Release|x86.Build.0 = Release|Win32
	EndGlobalSection
	GlobalSection(SolutionProperties) = preSolution
		HideSolutionNode = FALSE
	EndGlobalSection
	GlobalSection(ExtensibilityGlobals) = postSolution
		SolutionGuid = {EB9032B4-7B36-40A6-86FB-88F611B573F8}
	EndGlobalSection
EndGlobal
